{
  "version": 4,
  "terraform_version": "1.1.7",
  "serial": 1,
  "lineage": "791557c5-6570-0228-3339-904362e71458",
  "outputs": {},
  "resources": [
    {
      "mode": "managed",
      "type": "aws_vpc",
      "name": "aditya-vpc",
      "provider": "provider[\"registry.terraform.io/hashicorp/aws\"]",
      "instances": [
        {
          "schema_version": 1,
          "attributes": {
            "arn": "arn:aws:ec2:eu-west-1:567749627506:vpc/vpc-064bbe643519ba2c7",
            "assign_generated_ipv6_cidr_block": false,
            "cidr_block": "7.7.0.0/16",
            "default_network_acl_id": "acl-01c1adc5980d75953",
            "default_route_table_id": "rtb-01846e1e5198f38d1",
            "default_security_group_id": "sg-006d7783f67cd898f",
            "dhcp_options_id": "dopt-090ac112bdf9216bf",
            "enable_classiclink": false,
            "enable_classiclink_dns_support": false,
            "enable_dns_hostnames": false,
            "enable_dns_support": true,
            "id": "vpc-064bbe643519ba2c7",
            "instance_tenancy": "default",
            "ipv4_ipam_pool_id": null,
            "ipv4_netmask_length": null,
            "ipv6_association_id": "",
            "ipv6_cidr_block": "",
            "ipv6_cidr_block_network_border_group": "",
            "ipv6_ipam_pool_id": "",
            "ipv6_netmask_length": 0,
            "main_route_table_id": "rtb-01846e1e5198f38d1",
            "owner_id": "567749627506",
            "tags": {
              "Name": "aditya-vpc"
            },
            "tags_all": {
              "Name": "aditya-vpc"
            }
          },
          "sensitive_attributes": [],
          "private": "eyJzY2hlbWFfdmVyc2lvbiI6IjEifQ=="
        }
      ]
    }
  ]
}
